// !$*UTF8*$!
{
	archiveVersion = 1;
	classes = {
	};
	objectVersion = 48;
	objects = {

/* Begin PBXBuildFile section */
		948ADFE420396B7300CADEC5 /* ServiceConstants.swift in Sources */ = {isa = PBXBuildFile; fileRef = 948ADFE320396B7300CADEC5 /* ServiceConstants.swift */; };
		948ADFE62039762B00CADEC5 /* CurrentWeather.swift in Sources */ = {isa = PBXBuildFile; fileRef = 948ADFE52039762B00CADEC5 /* CurrentWeather.swift */; };
		948D9AD020416EF5003F5FF2 /* Forecast.swift in Sources */ = {isa = PBXBuildFile; fileRef = 948D9ACF20416EF5003F5FF2 /* Forecast.swift */; };
		948D9AD220418FFD003F5FF2 /* WeatherCell.swift in Sources */ = {isa = PBXBuildFile; fileRef = 948D9AD120418FFD003F5FF2 /* WeatherCell.swift */; };
		94B4C76C20427C2400E284B1 /* Location.swift in Sources */ = {isa = PBXBuildFile; fileRef = 94B4C76B20427C2400E284B1 /* Location.swift */; };
		94D9A223203012BF0057A555 /* AppDelegate.swift in Sources */ = {isa = PBXBuildFile; fileRef = 94D9A222203012BF0057A555 /* AppDelegate.swift */; };
		94D9A225203012BF0057A555 /* WeatherVC.swift in Sources */ = {isa = PBXBuildFile; fileRef = 94D9A224203012BF0057A555 /* WeatherVC.swift */; };
		94D9A228203012BF0057A555 /* Main.storyboard in Resources */ = {isa = PBXBuildFile; fileRef = 94D9A226203012BF0057A555 /* Main.storyboard */; };
		94D9A22A203012BF0057A555 /* Assets.xcassets in Resources */ = {isa = PBXBuildFile; fileRef = 94D9A229203012BF0057A555 /* Assets.xcassets */; };
		94D9A22D203012BF0057A555 /* LaunchScreen.storyboard in Resources */ = {isa = PBXBuildFile; fileRef = 94D9A22B203012BF0057A555 /* LaunchScreen.storyboard */; };
		AEB473699553D28420148D77 /* Pods_rainyShinyCloudy.framework in Frameworks */ = {isa = PBXBuildFile; fileRef = 6CAE1D0A47C18F04318B3E9B /* Pods_rainyShinyCloudy.framework */; };
/* End PBXBuildFile section */

/* Begin PBXFileReference section */
		4A7F70C6DFFD5B7321FEEF1B /* Pods-rainyShinyCloudy.debug.xcconfig */ = {isa = PBXFileReference; includeInIndex = 1; lastKnownFileType = text.xcconfig; name = "Pods-rainyShinyCloudy.debug.xcconfig"; path = "Pods/Target Support Files/Pods-rainyShinyCloudy/Pods-rainyShinyCloudy.debug.xcconfig"; sourceTree = "<group>"; };
		4C428C3E254EBE81A4CEDA03 /* Pods-rainyShinyCloudy.release.xcconfig */ = {isa = PBXFileReference; includeInIndex = 1; lastKnownFileType = text.xcconfig; name = "Pods-rainyShinyCloudy.release.xcconfig"; path = "Pods/Target Support Files/Pods-rainyShinyCloudy/Pods-rainyShinyCloudy.release.xcconfig"; sourceTree = "<group>"; };
		6CAE1D0A47C18F04318B3E9B /* Pods_rainyShinyCloudy.framework */ = {isa = PBXFileReference; explicitFileType = wrapper.framework; includeInIndex = 0; path = Pods_rainyShinyCloudy.framework; sourceTree = BUILT_PRODUCTS_DIR; };
		948ADFE320396B7300CADEC5 /* ServiceConstants.swift */ = {isa = PBXFileReference; lastKnownFileType = sourcecode.swift; path = ServiceConstants.swift; sourceTree = "<group>"; };
		948ADFE52039762B00CADEC5 /* CurrentWeather.swift */ = {isa = PBXFileReference; lastKnownFileType = sourcecode.swift; path = CurrentWeather.swift; sourceTree = "<group>"; };
		948D9ACF20416EF5003F5FF2 /* Forecast.swift */ = {isa = PBXFileReference; lastKnownFileType = sourcecode.swift; path = Forecast.swift; sourceTree = "<group>"; };
		948D9AD120418FFD003F5FF2 /* WeatherCell.swift */ = {isa = PBXFileReference; lastKnownFileType = sourcecode.swift; path = WeatherCell.swift; sourceTree = "<group>"; };
		94B4C76B20427C2400E284B1 /* Location.swift */ = {isa = PBXFileReference; lastKnownFileType = sourcecode.swift; path = Location.swift; sourceTree = "<group>"; };
		94D9A21F203012BF0057A555 /* rainyShinyCloudy.app */ = {isa = PBXFileReference; explicitFileType = wrapper.application; includeInIndex = 0; path = rainyShinyCloudy.app; sourceTree = BUILT_PRODUCTS_DIR; };
		94D9A222203012BF0057A555 /* AppDelegate.swift */ = {isa = PBXFileReference; lastKnownFileType = sourcecode.swift; path = AppDelegate.swift; sourceTree = "<group>"; };
		94D9A224203012BF0057A555 /* WeatherVC.swift */ = {isa = PBXFileReference; lastKnownFileType = sourcecode.swift; path = WeatherVC.swift; sourceTree = "<group>"; };
		94D9A227203012BF0057A555 /* Base */ = {isa = PBXFileReference; lastKnownFileType = file.storyboard; name = Base; path = Base.lproj/Main.storyboard; sourceTree = "<group>"; };
		94D9A229203012BF0057A555 /* Assets.xcassets */ = {isa = PBXFileReference; lastKnownFileType = folder.assetcatalog; path = Assets.xcassets; sourceTree = "<group>"; };
		94D9A22C203012BF0057A555 /* Base */ = {isa = PBXFileReference; lastKnownFileType = file.storyboard; name = Base; path = Base.lproj/LaunchScreen.storyboard; sourceTree = "<group>"; };
		94D9A22E203012BF0057A555 /* Info.plist */ = {isa = PBXFileReference; lastKnownFileType = text.plist.xml; path = Info.plist; sourceTree = "<group>"; };
/* End PBXFileReference section */

/* Begin PBXFrameworksBuildPhase section */
		94D9A21C203012BF0057A555 /* Frameworks */ = {
			isa = PBXFrameworksBuildPhase;
			buildActionMask = 2147483647;
			files = (
				AEB473699553D28420148D77 /* Pods_rainyShinyCloudy.framework in Frameworks */,
			);
			runOnlyForDeploymentPostprocessing = 0;
		};
/* End PBXFrameworksBuildPhase section */

/* Begin PBXGroup section */
		7A8057B99437527D7EDB2023 /* Pods */ = {
			isa = PBXGroup;
			children = (
				4A7F70C6DFFD5B7321FEEF1B /* Pods-rainyShinyCloudy.debug.xcconfig */,
				4C428C3E254EBE81A4CEDA03 /* Pods-rainyShinyCloudy.release.xcconfig */,
			);
			name = Pods;
			sourceTree = "<group>";
		};
		948ADFE2203969AF00CADEC5 /* Utility */ = {
			isa = PBXGroup;
			children = (
				948ADFE320396B7300CADEC5 /* ServiceConstants.swift */,
			);
			path = Utility;
			sourceTree = "<group>";
		};
		94D9A216203012BF0057A555 = {
			isa = PBXGroup;
			children = (
				94D9A221203012BF0057A555 /* rainyShinyCloudy */,
				94D9A220203012BF0057A555 /* Products */,
				7A8057B99437527D7EDB2023 /* Pods */,
				98E4B4B1CBF765AC40072B83 /* Frameworks */,
			);
			sourceTree = "<group>";
		};
		94D9A220203012BF0057A555 /* Products */ = {
			isa = PBXGroup;
			children = (
				94D9A21F203012BF0057A555 /* rainyShinyCloudy.app */,
			);
			name = Products;
			sourceTree = "<group>";
		};
		94D9A221203012BF0057A555 /* rainyShinyCloudy */ = {
			isa = PBXGroup;
			children = (
				948ADFE2203969AF00CADEC5 /* Utility */,
				94D9A2362030545E0057A555 /* View */,
				94D9A235203054540057A555 /* Model */,
				94D9A234203054480057A555 /* Controller */,
				94D9A222203012BF0057A555 /* AppDelegate.swift */,
				94D9A226203012BF0057A555 /* Main.storyboard */,
				94D9A229203012BF0057A555 /* Assets.xcassets */,
				94D9A22B203012BF0057A555 /* LaunchScreen.storyboard */,
				94D9A22E203012BF0057A555 /* Info.plist */,
			);
			path = rainyShinyCloudy;
			sourceTree = "<group>";
		};
		94D9A234203054480057A555 /* Controller */ = {
			isa = PBXGroup;
			children = (
				94D9A224203012BF0057A555 /* WeatherVC.swift */,
			);
			path = Controller;
			sourceTree = "<group>";
		};
		94D9A235203054540057A555 /* Model */ = {
			isa = PBXGroup;
			children = (
				948ADFE52039762B00CADEC5 /* CurrentWeather.swift */,
				948D9ACF20416EF5003F5FF2 /* Forecast.swift */,
				94B4C76B20427C2400E284B1 /* Location.swift */,
			);
			path = Model;
			sourceTree = "<group>";
		};
		94D9A2362030545E0057A555 /* View */ = {
			isa = PBXGroup;
			children = (
				948D9AD120418FFD003F5FF2 /* WeatherCell.swift */,
			);
			path = View;
			sourceTree = "<group>";
		};
		98E4B4B1CBF765AC40072B83 /* Frameworks */ = {
			isa = PBXGroup;
			children = (
				6CAE1D0A47C18F04318B3E9B /* Pods_rainyShinyCloudy.framework */,
			);
			name = Frameworks;
			sourceTree = "<group>";
		};
/* End PBXGroup section */

/* Begin PBXNativeTarget section */
		94D9A21E203012BF0057A555 /* rainyShinyCloudy */ = {
			isa = PBXNativeTarget;
			buildConfigurationList = 94D9A231203012BF0057A555 /* Build configuration list for PBXNativeTarget "rainyShinyCloudy" */;
			buildPhases = (
				3D21F814269C3C73A74642EB /* [CP] Check Pods Manifest.lock */,
				94D9A21B203012BF0057A555 /* Sources */,
				94D9A21C203012BF0057A555 /* Frameworks */,
				94D9A21D203012BF0057A555 /* Resources */,
				BAA61082C308702F2CE71B85 /* [CP] Embed Pods Frameworks */,
				D57284B35297C04526EE01C3 /* [CP] Copy Pods Resources */,
			);
			buildRules = (
			);
			dependencies = (
			);
			name = rainyShinyCloudy;
			productName = rainyShinyCloudy;
			productReference = 94D9A21F203012BF0057A555 /* rainyShinyCloudy.app */;
			productType = "com.apple.product-type.application";
		};
/* End PBXNativeTarget section */

/* Begin PBXProject section */
		94D9A217203012BF0057A555 /* Project object */ = {
			isa = PBXProject;
			attributes = {
				LastSwiftUpdateCheck = 0920;
				LastUpgradeCheck = 0920;
				ORGANIZATIONNAME = xyz;
				TargetAttributes = {
					94D9A21E203012BF0057A555 = {
						CreatedOnToolsVersion = 9.2;
						ProvisioningStyle = Automatic;
					};
				};
			};
			buildConfigurationList = 94D9A21A203012BF0057A555 /* Build configuration list for PBXProject "rainyShinyCloudy" */;
			compatibilityVersion = "Xcode 8.0";
			developmentRegion = en;
			hasScannedForEncodings = 0;
			knownRegions = (
				en,
				Base,
			);
			mainGroup = 94D9A216203012BF0057A555;
			productRefGroup = 94D9A220203012BF0057A555 /* Products */;
			projectDirPath = "";
			projectRoot = "";
			targets = (
				94D9A21E203012BF0057A555 /* rainyShinyCloudy */,
			);
		};
/* End PBXProject section */

/* Begin PBXResourcesBuildPhase section */
		94D9A21D203012BF0057A555 /* Resources */ = {
			isa = PBXResourcesBuildPhase;
			buildActionMask = 2147483647;
			files = (
				94D9A22D203012BF0057A555 /* LaunchScreen.storyboard in Resources */,
				94D9A22A203012BF0057A555 /* Assets.xcassets in Resources */,
				94D9A228203012BF0057A555 /* Main.storyboard in Resources */,
			);
			runOnlyForDeploymentPostprocessing = 0;
		};
/* End PBXResourcesBuildPhase section */

/* Begin PBXShellScriptBuildPhase section */
		3D21F814269C3C73A74642EB /* [CP] Check Pods Manifest.lock */ = {
			isa = PBXShellScriptBuildPhase;
			buildActionMask = 2147483647;
			files = (
			);
			inputPaths = (
				"${PODS_PODFILE_DIR_PATH}/Podfile.lock",
				"${PODS_ROOT}/Manifest.lock",
			);
			name = "[CP] Check Pods Manifest.lock";
			outputPaths = (
				"$(DERIVED_FILE_DIR)/Pods-rainyShinyCloudy-checkManifestLockResult.txt",
			);
			runOnlyForDeploymentPostprocessing = 0;
			shellPath = /bin/sh;
			shellScript = "diff \"${PODS_PODFILE_DIR_PATH}/Podfile.lock\" \"${PODS_ROOT}/Manifest.lock\" > /dev/null\nif [ $? != 0 ] ; then\n    # print error to STDERR\n    echo \"error: The sandbox is not in sync with the Podfile.lock. Run 'pod install' or update your CocoaPods installation.\" >&2\n    exit 1\nfi\n# This output is used by Xcode 'outputs' to avoid re-running this script phase.\necho \"SUCCESS\" > \"${SCRIPT_OUTPUT_FILE_0}\"\n";
			showEnvVarsInLog = 0;
		};
		BAA61082C308702F2CE71B85 /* [CP] Embed Pods Frameworks */ = {
			isa = PBXShellScriptBuildPhase;
			buildActionMask = 2147483647;
			files = (
			);
			inputPaths = (
				"${SRCROOT}/Pods/Target Support Files/Pods-rainyShinyCloudy/Pods-rainyShinyCloudy-frameworks.sh",
				"${BUILT_PRODUCTS_DIR}/Alamofire/Alamofire.framework",
			);
			name = "[CP] Embed Pods Frameworks";
			outputPaths = (
				"${TARGET_BUILD_DIR}/${FRAMEWORKS_FOLDER_PATH}/Alamofire.framework",
			);
			runOnlyForDeploymentPostprocessing = 0;
			shellPath = /bin/sh;
			shellScript = "\"${SRCROOT}/Pods/Target Support Files/Pods-rainyShinyCloudy/Pods-rainyShinyCloudy-frameworks.sh\"\n";
			showEnvVarsInLog = 0;
		};
		D57284B35297C04526EE01C3 /* [CP] Copy Pods Resources */ = {
			isa = PBXShellScriptBuildPhase;
			buildActionMask = 2147483647;
			files = (
			);
			inputPaths = (
			);
			name = "[CP] Copy Pods Resources";
			outputPaths = (
			);
			runOnlyForDeploymentPostprocessing = 0;
			shellPath = /bin/sh;
			shellScript = "\"${SRCROOT}/Pods/Target Support Files/Pods-rainyShinyCloudy/Pods-rainyShinyCloudy-resources.sh\"\n";
			showEnvVarsInLog = 0;
		};
/* End PBXShellScriptBuildPhase section */

/* Begin PBXSourcesBuildPhase section */
		94D9A21B203012BF0057A555 /* Sources */ = {
			isa = PBXSourcesBuildPhase;
			buildActionMask = 2147483647;
			files = (
				948D9AD220418FFD003F5FF2 /* WeatherCell.swift in Sources */,
				948ADFE420396B7300CADEC5 /* ServiceConstants.swift in Sources */,
				94D9A225203012BF0057A555 /* WeatherVC.swift in Sources */,
				948ADFE62039762B00CADEC5 /* CurrentWeather.swift in Sources */,
				94D9A223203012BF0057A555 /* AppDelegate.swift in Sources */,
				948D9AD020416EF5003F5FF2 /* Forecast.swift in Sources */,
				94B4C76C20427C2400E284B1 /* Location.swift in Sources */,
			);
			runOnlyForDeploymentPostprocessing = 0;
		};
/* End PBXSourcesBuildPhase section */

/* Begin PBXVariantGroup section */
		94D9A226203012BF0057A555 /* Main.storyboard */ = {
			isa = PBXVariantGroup;
			children = (
				94D9A227203012BF0057A555 /* Base */,
			);
			name = Main.storyboard;
			sourceTree = "<group>";
		};
		94D9A22B203012BF0057A555 /* LaunchScreen.storyboard */ = {
			isa = PBXVariantGroup;
			children = (
				94D9A22C203012BF0057A555 /* Base */,
			);
			name = LaunchScreen.storyboard;
			sourceTree = "<group>";
		};
/* End PBXVariantGroup section */

/* Begin XCBuildConfiguration section */
		94D9A22F203012BF0057A555 /* Debug */ = {
			isa = XCBuildConfiguration;
			buildSettings = {
				ALWAYS_SEARCH_USER_PATHS = NO;
				CLANG_ANALYZER_NONNULL = YES;
				CLANG_ANALYZER_NUMBER_OBJECT_CONVERSION = YES_AGGRESSIVE;
				CLANG_CXX_LANGUAGE_STANDARD = "gnu++14";
				CLANG_CXX_LIBRARY = "libc++";
				CLANG_ENABLE_MODULES = YES;
				CLANG_ENABLE_OBJC_ARC = YES;
				CLANG_WARN_BLOCK_CAPTURE_AUTORELEASING = YES;
				CLANG_WARN_BOOL_CONVERSION = YES;
				CLANG_WARN_COMMA = YES;
				CLANG_WARN_CONSTANT_CONVERSION = YES;
				CLANG_WARN_DIRECT_OBJC_ISA_USAGE = YES_ERROR;
				CLANG_WARN_DOCUMENTATION_COMMENTS = YES;
				CLANG_WARN_EMPTY_BODY = YES;
				CLANG_WARN_ENUM_CONVERSION = YES;
				CLANG_WARN_INFINITE_RECURSION = YES;
				CLANG_WARN_INT_CONVERSION = YES;
				CLANG_WARN_NON_LITERAL_NULL_CONVERSION = YES;
				CLANG_WARN_OBJC_LITERAL_CONVERSION = YES;
				CLANG_WARN_OBJC_ROOT_CLASS = YES_ERROR;
				CLANG_WARN_RANGE_LOOP_ANALYSIS = YES;
				CLANG_WARN_STRICT_PROTOTYPES = YES;
				CLANG_WARN_SUSPICIOUS_MOVE = YES;
				CLANG_WARN_UNGUARDED_AVAILABILITY = YES_AGGRESSIVE;
				CLANG_WARN_UNREACHABLE_CODE = YES;
				CLANG_WARN__DUPLICATE_METHOD_MATCH = YES;
				CODE_SIGN_IDENTITY = "iPhone Developer";
				COPY_PHASE_STRIP = NO;
				DEBUG_INFORMATION_FORMAT = dwarf;
				ENABLE_STRICT_OBJC_MSGSEND = YES;
				ENABLE_TESTABILITY = YES;
				GCC_C_LANGUAGE_STANDARD = gnu11;
				GCC_DYNAMIC_NO_PIC = NO;
				GCC_NO_COMMON_BLOCKS = YES;
				GCC_OPTIMIZATION_LEVEL = 0;
				GCC_PREPROCESSOR_DEFINITIONS = (
					"DEBUG=1",
					"$(inherited)",
				);
				GCC_WARN_64_TO_32_BIT_CONVERSION = YES;
				GCC_WARN_ABOUT_RETURN_TYPE = YES_ERROR;
				GCC_WARN_UNDECLARED_SELECTOR = YES;
				GCC_WARN_UNINITIALIZED_AUTOS = YES_AGGRESSIVE;
				GCC_WARN_UNUSED_FUNCTION = YES;
				GCC_WARN_UNUSED_VARIABLE = YES;
				IPHONEOS_DEPLOYMENT_TARGET = 11.2;
				MTL_ENABLE_DEBUG_INFO = YES;
				ONLY_ACTIVE_ARCH = YES;
				SDKROOT = iphoneos;
				SWIFT_ACTIVE_COMPILATION_CONDITIONS = DEBUG;
				SWIFT_OPTIMIZATION_LEVEL = "-Onone";
			};
			name = Debug;
		};
		94D9A230203012BF0057A555 /* Release */ = {
			isa = XCBuildConfiguration;
			buildSettings = {
				ALWAYS_SEARCH_USER_PATHS = NO;
				CLANG_ANALYZER_NONNULL = YES;
				CLANG_ANALYZER_NUMBER_OBJECT_CONVERSION = YES_AGGRESSIVE;
				CLANG_CXX_LANGUAGE_STANDARD = "gnu++14";
				CLANG_CXX_LIBRARY = "libc++";
				CLANG_ENABLE_MODULES = YES;
				CLANG_ENABLE_OBJC_ARC = YES;
				CLANG_WARN_BLOCK_CAPTURE_AUTORELEASING = YES;
				CLANG_WARN_BOOL_CONVERSION = YES;
				CLANG_WARN_COMMA = YES;
				CLANG_WARN_CONSTANT_CONVERSION = YES;
				CLANG_WARN_DIRECT_OBJC_ISA_USAGE = YES_ERROR;
				CLANG_WARN_DOCUMENTATION_COMMENTS = YES;
				CLANG_WARN_EMPTY_BODY = YES;
				CLANG_WARN_ENUM_CONVERSION = YES;
				CLANG_WARN_INFINITE_RECURSION = YES;
				CLANG_WARN_INT_CONVERSION = YES;
				CLANG_WARN_NON_LITERAL_NULL_CONVERSION = YES;
				CLANG_WARN_OBJC_LITERAL_CONVERSION = YES;
				CLANG_WARN_OBJC_ROOT_CLASS = YES_ERROR;
				CLANG_WARN_RANGE_LOOP_ANALYSIS = YES;
				CLANG_WARN_STRICT_PROTOTYPES = YES;
				CLANG_WARN_SUSPICIOUS_MOVE = YES;
				CLANG_WARN_UNGUARDED_AVAILABILITY = YES_AGGRESSIVE;
				CLANG_WARN_UNREACHABLE_CODE = YES;
				CLANG_WARN__DUPLICATE_METHOD_MATCH = YES;
				CODE_SIGN_IDENTITY = "iPhone Developer";
				COPY_PHASE_STRIP = NO;
				DEBUG_INFORMATION_FORMAT = "dwarf-with-dsym";
				ENABLE_NS_ASSERTIONS = NO;
				ENABLE_STRICT_OBJC_MSGSEND = YES;
				GCC_C_LANGUAGE_STANDARD = gnu11;
				GCC_NO_COMMON_BLOCKS = YES;
				GCC_WARN_64_TO_32_BIT_CONVERSION = YES;
				GCC_WARN_ABOUT_RETURN_TYPE = YES_ERROR;
				GCC_WARN_UNDECLARED_SELECTOR = YES;
				GCC_WARN_UNINITIALIZED_AUTOS = YES_AGGRESSIVE;
				GCC_WARN_UNUSED_FUNCTION = YES;
				GCC_WARN_UNUSED_VARIABLE = YES;
				IPHONEOS_DEPLOYMENT_TARGET = 11.2;
				MTL_ENABLE_DEBUG_INFO = NO;
				SDKROOT = iphoneos;
				SWIFT_OPTIMIZATION_LEVEL = "-Owholemodule";
				VALIDATE_PRODUCT = YES;
			};
			name = Release;
		};
		94D9A232203012BF0057A555 /* Debug */ = {
			isa = XCBuildConfiguration;
			baseConfigurationReference = 4A7F70C6DFFD5B7321FEEF1B /* Pods-rainyShinyCloudy.debug.xcconfig */;
			buildSettings = {
				ASSETCATALOG_COMPILER_APPICON_NAME = AppIcon;
				CODE_SIGN_STYLE = Automatic;
				INFOPLIST_FILE = rainyShinyCloudy/Info.plist;
				IPHONEOS_DEPLOYMENT_TARGET = 9.0;
				LD_RUNPATH_SEARCH_PATHS = "$(inherited) @executable_path/Frameworks";
				PRODUCT_BUNDLE_IDENTIFIER = none.rainyShinyCloudy;
				PRODUCT_NAME = "$(TARGET_NAME)";
				SWIFT_VERSION = 4.0;
				TARGETED_DEVICE_FAMILY = "1,2";
			};
			name = Debug;
		};
		94D9A233203012BF0057A555 /* Release */ = {
			isa = XCBuildConfiguration;
			baseConfigurationReference = 4C428C3E254EBE81A4CEDA03 /* Pods-rainyShinyCloudy.release.xcconfig */;
			buildSettings = {
				ASSETCATALOG_COMPILER_APPICON_NAME = AppIcon;
				CODE_SIGN_STYLE = Automatic;
				INFOPLIST_FILE = rainyShinyCloudy/Info.plist;
				IPHONEOS_DEPLOYMENT_TARGET = 9.0;
				LD_RUNPATH_SEARCH_PATHS = "$(inherited) @executable_path/Frameworks";
				PRODUCT_BUNDLE_IDENTIFIER = none.rainyShinyCloudy;
				PRODUCT_NAME = "$(TARGET_NAME)";
				SWIFT_VERSION = 4.0;
				TARGETED_DEVICE_FAMILY = "1,2";
			};
			name = Release;
		};
/* End XCBuildConfiguration section */

/* Begin XCConfigurationList section */
		94D9A21A203012BF0057A555 /* Build configuration list for PBXProject "rainyShinyCloudy" */ = {
			isa = XCConfigurationList;
			buildConfigurations = (
				94D9A22F203012BF0057A555 /* Debug */,
				94D9A230203012BF0057A555 /* Release */,
			);
			defaultConfigurationIsVisible = 0;
			defaultConfigurationName = Release;
		};
		94D9A231203012BF0057A555 /* Build configuration list for PBXNativeTarget "rainyShinyCloudy" */ = {
			isa = XCConfigurationList;
			buildConfigurations = (
				94D9A232203012BF0057A555 /* Debug */,
				94D9A233203012BF0057A555 /* Release */,
			);
			defaultConfigurationIsVisible = 0;
			defaultConfigurationName = Release;
		};
/* End XCConfigurationList section */
	};
	rootObject = 94D9A217203012BF0057A555 /* Project object */;
}
